// !$*UTF8*$!
{
	archiveVersion = 1;
	classes = {
	};
	objectVersion = 56;
	objects = {

/* Begin PBXBuildFile section */
		82517E8E28F60BE000E9AAA4 /* AppDelegate.swift in Sources */ = {isa = PBXBuildFile; fileRef = 82517E8D28F60BE000E9AAA4 /* AppDelegate.swift */; };
		82517E9028F60BE000E9AAA4 /* SceneDelegate.swift in Sources */ = {isa = PBXBuildFile; fileRef = 82517E8F28F60BE000E9AAA4 /* SceneDelegate.swift */; };
		82517E9228F60BE000E9AAA4 /* ViewController.swift in Sources */ = {isa = PBXBuildFile; fileRef = 82517E9128F60BE000E9AAA4 /* ViewController.swift */; };
		82517E9528F60BE000E9AAA4 /* Main.storyboard in Resources */ = {isa = PBXBuildFile; fileRef = 82517E9328F60BE000E9AAA4 /* Main.storyboard */; };
		82517E9728F60BE200E9AAA4 /* Assets.xcassets in Resources */ = {isa = PBXBuildFile; fileRef = 82517E9628F60BE200E9AAA4 /* Assets.xcassets */; };
		82517E9A28F60BE200E9AAA4 /* LaunchScreen.storyboard in Resources */ = {isa = PBXBuildFile; fileRef = 82517E9828F60BE200E9AAA4 /* LaunchScreen.storyboard */; };
		82517EA228F60BFB00E9AAA4 /* SecondView.storyboard in Resources */ = {isa = PBXBuildFile; fileRef = 82517EA128F60BFB00E9AAA4 /* SecondView.storyboard */; };
		82517EA428F60C0400E9AAA4 /* ThirdView.storyboard in Resources */ = {isa = PBXBuildFile; fileRef = 82517EA328F60C0400E9AAA4 /* ThirdView.storyboard */; };
		82517EA928F60C8800E9AAA4 /* FourthView.storyboard in Resources */ = {isa = PBXBuildFile; fileRef = 82517EA828F60C8800E9AAA4 /* FourthView.storyboard */; };
		82517EAD28F60CA300E9AAA4 /* FifthView.storyboard in Resources */ = {isa = PBXBuildFile; fileRef = 82517EAC28F60CA300E9AAA4 /* FifthView.storyboard */; };
		82517EB028F60D6A00E9AAA4 /* SecondViewController.swift in Sources */ = {isa = PBXBuildFile; fileRef = 82517EAF28F60D6A00E9AAA4 /* SecondViewController.swift */; };
		82517EB228F60D7100E9AAA4 /* ThirdViewController.swift in Sources */ = {isa = PBXBuildFile; fileRef = 82517EB128F60D7100E9AAA4 /* ThirdViewController.swift */; };
		82517EB428F60D7900E9AAA4 /* FourthViewController.swift in Sources */ = {isa = PBXBuildFile; fileRef = 82517EB328F60D7900E9AAA4 /* FourthViewController.swift */; };
		82517EB628F60D8200E9AAA4 /* FifthViewController.swift in Sources */ = {isa = PBXBuildFile; fileRef = 82517EB528F60D8200E9AAA4 /* FifthViewController.swift */; };
/* End PBXBuildFile section */

/* Begin PBXFileReference section */
		82517E8A28F60BE000E9AAA4 /* UltimoDesafio.app */ = {isa = PBXFileReference; explicitFileType = wrapper.application; includeInIndex = 0; path = UltimoDesafio.app; sourceTree = BUILT_PRODUCTS_DIR; };
		82517E8D28F60BE000E9AAA4 /* AppDelegate.swift */ = {isa = PBXFileReference; lastKnownFileType = sourcecode.swift; path = AppDelegate.swift; sourceTree = "<group>"; };
		82517E8F28F60BE000E9AAA4 /* SceneDelegate.swift */ = {isa = PBXFileReference; lastKnownFileType = sourcecode.swift; path = SceneDelegate.swift; sourceTree = "<group>"; };
		82517E9128F60BE000E9AAA4 /* ViewController.swift */ = {isa = PBXFileReference; lastKnownFileType = sourcecode.swift; path = ViewController.swift; sourceTree = "<group>"; };
		82517E9428F60BE000E9AAA4 /* Base */ = {isa = PBXFileReference; lastKnownFileType = file.storyboard; name = Base; path = Base.lproj/Main.storyboard; sourceTree = "<group>"; };
		82517E9628F60BE200E9AAA4 /* Assets.xcassets */ = {isa = PBXFileReference; lastKnownFileType = folder.assetcatalog; path = Assets.xcassets; sourceTree = "<group>"; };
		82517E9928F60BE200E9AAA4 /* Base */ = {isa = PBXFileReference; lastKnownFileType = file.storyboard; name = Base; path = Base.lproj/LaunchScreen.storyboard; sourceTree = "<group>"; };
		82517E9B28F60BE200E9AAA4 /* Info.plist */ = {isa = PBXFileReference; lastKnownFileType = text.plist.xml; path = Info.plist; sourceTree = "<group>"; };
		82517EA128F60BFB00E9AAA4 /* SecondView.storyboard */ = {isa = PBXFileReference; lastKnownFileType = file.storyboard; path = SecondView.storyboard; sourceTree = "<group>"; };
		82517EA328F60C0400E9AAA4 /* ThirdView.storyboard */ = {isa = PBXFileReference; lastKnownFileType = file.storyboard; path = ThirdView.storyboard; sourceTree = "<group>"; };
		82517EA828F60C8800E9AAA4 /* FourthView.storyboard */ = {isa = PBXFileReference; lastKnownFileType = file.storyboard; path = FourthView.storyboard; sourceTree = "<group>"; };
		82517EAC28F60CA300E9AAA4 /* FifthView.storyboard */ = {isa = PBXFileReference; lastKnownFileType = file.storyboard; path = FifthView.storyboard; sourceTree = "<group>"; };
		82517EAF28F60D6A00E9AAA4 /* SecondViewController.swift */ = {isa = PBXFileReference; lastKnownFileType = sourcecode.swift; path = SecondViewController.swift; sourceTree = "<group>"; };
		82517EB128F60D7100E9AAA4 /* ThirdViewController.swift */ = {isa = PBXFileReference; lastKnownFileType = sourcecode.swift; path = ThirdViewController.swift; sourceTree = "<group>"; };
		82517EB328F60D7900E9AAA4 /* FourthViewController.swift */ = {isa = PBXFileReference; lastKnownFileType = sourcecode.swift; path = FourthViewController.swift; sourceTree = "<group>"; };
		82517EB528F60D8200E9AAA4 /* FifthViewController.swift */ = {isa = PBXFileReference; lastKnownFileType = sourcecode.swift; path = FifthViewController.swift; sourceTree = "<group>"; };
/* End PBXFileReference section */

/* Begin PBXFrameworksBuildPhase section */
		82517E8728F60BE000E9AAA4 /* Frameworks */ = {
			isa = PBXFrameworksBuildPhase;
			buildActionMask = 2147483647;
			files = (
			);
			runOnlyForDeploymentPostprocessing = 0;
		};
/* End PBXFrameworksBuildPhase section */

/* Begin PBXGroup section */
		82517E8128F60BE000E9AAA4 = {
			isa = PBXGroup;
			children = (
				82517E8C28F60BE000E9AAA4 /* UltimoDesafio */,
				82517E8B28F60BE000E9AAA4 /* Products */,
			);
			sourceTree = "<group>";
		};
		82517E8B28F60BE000E9AAA4 /* Products */ = {
			isa = PBXGroup;
			children = (
				82517E8A28F60BE000E9AAA4 /* UltimoDesafio.app */,
			);
			name = Products;
			sourceTree = "<group>";
		};
		82517E8C28F60BE000E9AAA4 /* UltimoDesafio */ = {
			isa = PBXGroup;
			children = (
				82517EA728F60C2400E9AAA4 /* View */,
				82517EA628F60C1D00E9AAA4 /* ViewController */,
				82517EA528F60C1100E9AAA4 /* Resources */,
				82517E9B28F60BE200E9AAA4 /* Info.plist */,
			);
			path = UltimoDesafio;
			sourceTree = "<group>";
		};
		82517EA528F60C1100E9AAA4 /* Resources */ = {
			isa = PBXGroup;
			children = (
				82517E8D28F60BE000E9AAA4 /* AppDelegate.swift */,
				82517E8F28F60BE000E9AAA4 /* SceneDelegate.swift */,
				82517E9628F60BE200E9AAA4 /* Assets.xcassets */,
				82517E9828F60BE200E9AAA4 /* LaunchScreen.storyboard */,
			);
			path = Resources;
			sourceTree = "<group>";
		};
		82517EA628F60C1D00E9AAA4 /* ViewController */ = {
			isa = PBXGroup;
			children = (
				82517E9128F60BE000E9AAA4 /* ViewController.swift */,
				82517EAF28F60D6A00E9AAA4 /* SecondViewController.swift */,
				82517EB128F60D7100E9AAA4 /* ThirdViewController.swift */,
				82517EB328F60D7900E9AAA4 /* FourthViewController.swift */,
				82517EB528F60D8200E9AAA4 /* FifthViewController.swift */,
			);
			path = ViewController;
			sourceTree = "<group>";
		};
		82517EA728F60C2400E9AAA4 /* View */ = {
			isa = PBXGroup;
			children = (
				82517EAE28F60CA900E9AAA4 /* Main */,
				82517EA128F60BFB00E9AAA4 /* SecondView.storyboard */,
				82517EA328F60C0400E9AAA4 /* ThirdView.storyboard */,
				82517EA828F60C8800E9AAA4 /* FourthView.storyboard */,
				82517EAC28F60CA300E9AAA4 /* FifthView.storyboard */,
			);
			path = View;
			sourceTree = "<group>";
		};
		82517EAE28F60CA900E9AAA4 /* Main */ = {
			isa = PBXGroup;
			children = (
				82517E9328F60BE000E9AAA4 /* Main.storyboard */,
			);
			path = Main;
			sourceTree = "<group>";
		};
/* End PBXGroup section */

/* Begin PBXNativeTarget section */
		82517E8928F60BE000E9AAA4 /* UltimoDesafio */ = {
			isa = PBXNativeTarget;
			buildConfigurationList = 82517E9E28F60BE200E9AAA4 /* Build configuration list for PBXNativeTarget "UltimoDesafio" */;
			buildPhases = (
				82517E8628F60BE000E9AAA4 /* Sources */,
				82517E8728F60BE000E9AAA4 /* Frameworks */,
				82517E8828F60BE000E9AAA4 /* Resources */,
			);
			buildRules = (
			);
			dependencies = (
			);
			name = UltimoDesafio;
			productName = UltimoDesafio;
			productReference = 82517E8A28F60BE000E9AAA4 /* UltimoDesafio.app */;
			productType = "com.apple.product-type.application";
		};
/* End PBXNativeTarget section */

/* Begin PBXProject section */
		82517E8228F60BE000E9AAA4 /* Project object */ = {
			isa = PBXProject;
			attributes = {
				BuildIndependentTargetsInParallel = 1;
				LastSwiftUpdateCheck = 1400;
				LastUpgradeCheck = 1400;
				TargetAttributes = {
					82517E8928F60BE000E9AAA4 = {
						CreatedOnToolsVersion = 14.0;
					};
				};
			};
			buildConfigurationList = 82517E8528F60BE000E9AAA4 /* Build configuration list for PBXProject "UltimoDesafio" */;
			compatibilityVersion = "Xcode 14.0";
			developmentRegion = en;
			hasScannedForEncodings = 0;
			knownRegions = (
				en,
				Base,
			);
			mainGroup = 82517E8128F60BE000E9AAA4;
			productRefGroup = 82517E8B28F60BE000E9AAA4 /* Products */;
			projectDirPath = "";
			projectRoot = "";
			targets = (
				82517E8928F60BE000E9AAA4 /* UltimoDesafio */,
			);
		};
/* End PBXProject section */

/* Begin PBXResourcesBuildPhase section */
		82517E8828F60BE000E9AAA4 /* Resources */ = {
			isa = PBXResourcesBuildPhase;
			buildActionMask = 2147483647;
			files = (
				82517E9A28F60BE200E9AAA4 /* LaunchScreen.storyboard in Resources */,
				82517E9728F60BE200E9AAA4 /* Assets.xcassets in Resources */,
				82517EA428F60C0400E9AAA4 /* ThirdView.storyboard in Resources */,
				82517EA928F60C8800E9AAA4 /* FourthView.storyboard in Resources */,
				82517EAD28F60CA300E9AAA4 /* FifthView.storyboard in Resources */,
				82517E9528F60BE000E9AAA4 /* Main.storyboard in Resources */,
				82517EA228F60BFB00E9AAA4 /* SecondView.storyboard in Resources */,
			);
			runOnlyForDeploymentPostprocessing = 0;
		};
/* End PBXResourcesBuildPhase section */

/* Begin PBXSourcesBuildPhase section */
		82517E8628F60BE000E9AAA4 /* Sources */ = {
			isa = PBXSourcesBuildPhase;
			buildActionMask = 2147483647;
			files = (
				82517EB428F60D7900E9AAA4 /* FourthViewController.swift in Sources */,
				82517EB028F60D6A00E9AAA4 /* SecondViewController.swift in Sources */,
				82517E9228F60BE000E9AAA4 /* ViewController.swift in Sources */,
				82517EB228F60D7100E9AAA4 /* ThirdViewController.swift in Sources */,
				82517E8E28F60BE000E9AAA4 /* AppDelegate.swift in Sources */,
				82517E9028F60BE000E9AAA4 /* SceneDelegate.swift in Sources */,
				82517EB628F60D8200E9AAA4 /* FifthViewController.swift in Sources */,
			);
			runOnlyForDeploymentPostprocessing = 0;
		};
/* End PBXSourcesBuildPhase section */

/* Begin PBXVariantGroup section */
		82517E9328F60BE000E9AAA4 /* Main.storyboard */ = {
			isa = PBXVariantGroup;
			children = (
				82517E9428F60BE000E9AAA4 /* Base */,
			);
			name = Main.storyboard;
			sourceTree = "<group>";
		};
		82517E9828F60BE200E9AAA4 /* LaunchScreen.storyboard */ = {
			isa = PBXVariantGroup;
			children = (
				82517E9928F60BE200E9AAA4 /* Base */,
			);
			name = LaunchScreen.storyboard;
			sourceTree = "<group>";
		};
/* End PBXVariantGroup section */

/* Begin XCBuildConfiguration section */
		82517E9C28F60BE200E9AAA4 /* Debug */ = {
			isa = XCBuildConfiguration;
			buildSettings = {
				ALWAYS_SEARCH_USER_PATHS = NO;
				CLANG_ANALYZER_NONNULL = YES;
				CLANG_ANALYZER_NUMBER_OBJECT_CONVERSION = YES_AGGRESSIVE;
				CLANG_CXX_LANGUAGE_STANDARD = "gnu++20";
				CLANG_ENABLE_MODULES = YES;
				CLANG_ENABLE_OBJC_ARC = YES;
				CLANG_ENABLE_OBJC_WEAK = YES;
				CLANG_WARN_BLOCK_CAPTURE_AUTORELEASING = YES;
				CLANG_WARN_BOOL_CONVERSION = YES;
				CLANG_WARN_COMMA = YES;
				CLANG_WARN_CONSTANT_CONVERSION = YES;
				CLANG_WARN_DEPRECATED_OBJC_IMPLEMENTATIONS = YES;
				CLANG_WARN_DIRECT_OBJC_ISA_USAGE = YES_ERROR;
				CLANG_WARN_DOCUMENTATION_COMMENTS = YES;
				CLANG_WARN_EMPTY_BODY = YES;
				CLANG_WARN_ENUM_CONVERSION = YES;
				CLANG_WARN_INFINITE_RECURSION = YES;
				CLANG_WARN_INT_CONVERSION = YES;
				CLANG_WARN_NON_LITERAL_NULL_CONVERSION = YES;
				CLANG_WARN_OBJC_IMPLICIT_RETAIN_SELF = YES;
				CLANG_WARN_OBJC_LITERAL_CONVERSION = YES;
				CLANG_WARN_OBJC_ROOT_CLASS = YES_ERROR;
				CLANG_WARN_QUOTED_INCLUDE_IN_FRAMEWORK_HEADER = YES;
				CLANG_WARN_RANGE_LOOP_ANALYSIS = YES;
				CLANG_WARN_STRICT_PROTOTYPES = YES;
				CLANG_WARN_SUSPICIOUS_MOVE = YES;
				CLANG_WARN_UNGUARDED_AVAILABILITY = YES_AGGRESSIVE;
				CLANG_WARN_UNREACHABLE_CODE = YES;
				CLANG_WARN__DUPLICATE_METHOD_MATCH = YES;
				COPY_PHASE_STRIP = NO;
				DEBUG_INFORMATION_FORMAT = dwarf;
				ENABLE_STRICT_OBJC_MSGSEND = YES;
				ENABLE_TESTABILITY = YES;
				GCC_C_LANGUAGE_STANDARD = gnu11;
				GCC_DYNAMIC_NO_PIC = NO;
				GCC_NO_COMMON_BLOCKS = YES;
				GCC_OPTIMIZATION_LEVEL = 0;
				GCC_PREPROCESSOR_DEFINITIONS = (
					"DEBUG=1",
					"$(inherited)",
				);
				GCC_WARN_64_TO_32_BIT_CONVERSION = YES;
				GCC_WARN_ABOUT_RETURN_TYPE = YES_ERROR;
				GCC_WARN_UNDECLARED_SELECTOR = YES;
				GCC_WARN_UNINITIALIZED_AUTOS = YES_AGGRESSIVE;
				GCC_WARN_UNUSED_FUNCTION = YES;
				GCC_WARN_UNUSED_VARIABLE = YES;
				IPHONEOS_DEPLOYMENT_TARGET = 16.0;
				MTL_ENABLE_DEBUG_INFO = INCLUDE_SOURCE;
				MTL_FAST_MATH = YES;
				ONLY_ACTIVE_ARCH = YES;
				SDKROOT = iphoneos;
				SWIFT_ACTIVE_COMPILATION_CONDITIONS = DEBUG;
				SWIFT_OPTIMIZATION_LEVEL = "-Onone";
			};
			name = Debug;
		};
		82517E9D28F60BE200E9AAA4 /* Release */ = {
			isa = XCBuildConfiguration;
			buildSettings = {
				ALWAYS_SEARCH_USER_PATHS = NO;
				CLANG_ANALYZER_NONNULL = YES;
				CLANG_ANALYZER_NUMBER_OBJECT_CONVERSION = YES_AGGRESSIVE;
				CLANG_CXX_LANGUAGE_STANDARD = "gnu++20";
				CLANG_ENABLE_MODULES = YES;
				CLANG_ENABLE_OBJC_ARC = YES;
				CLANG_ENABLE_OBJC_WEAK = YES;
				CLANG_WARN_BLOCK_CAPTURE_AUTORELEASING = YES;
				CLANG_WARN_BOOL_CONVERSION = YES;
				CLANG_WARN_COMMA = YES;
				CLANG_WARN_CONSTANT_CONVERSION = YES;
				CLANG_WARN_DEPRECATED_OBJC_IMPLEMENTATIONS = YES;
				CLANG_WARN_DIRECT_OBJC_ISA_USAGE = YES_ERROR;
				CLANG_WARN_DOCUMENTATION_COMMENTS = YES;
				CLANG_WARN_EMPTY_BODY = YES;
				CLANG_WARN_ENUM_CONVERSION = YES;
				CLANG_WARN_INFINITE_RECURSION = YES;
				CLANG_WARN_INT_CONVERSION = YES;
				CLANG_WARN_NON_LITERAL_NULL_CONVERSION = YES;
				CLANG_WARN_OBJC_IMPLICIT_RETAIN_SELF = YES;
				CLANG_WARN_OBJC_LITERAL_CONVERSION = YES;
				CLANG_WARN_OBJC_ROOT_CLASS = YES_ERROR;
				CLANG_WARN_QUOTED_INCLUDE_IN_FRAMEWORK_HEADER = YES;
				CLANG_WARN_RANGE_LOOP_ANALYSIS = YES;
				CLANG_WARN_STRICT_PROTOTYPES = YES;
				CLANG_WARN_SUSPICIOUS_MOVE = YES;
				CLANG_WARN_UNGUARDED_AVAILABILITY = YES_AGGRESSIVE;
				CLANG_WARN_UNREACHABLE_CODE = YES;
				CLANG_WARN__DUPLICATE_METHOD_MATCH = YES;
				COPY_PHASE_STRIP = NO;
				DEBUG_INFORMATION_FORMAT = "dwarf-with-dsym";
				ENABLE_NS_ASSERTIONS = NO;
				ENABLE_STRICT_OBJC_MSGSEND = YES;
				GCC_C_LANGUAGE_STANDARD = gnu11;
				GCC_NO_COMMON_BLOCKS = YES;
				GCC_WARN_64_TO_32_BIT_CONVERSION = YES;
				GCC_WARN_ABOUT_RETURN_TYPE = YES_ERROR;
				GCC_WARN_UNDECLARED_SELECTOR = YES;
				GCC_WARN_UNINITIALIZED_AUTOS = YES_AGGRESSIVE;
				GCC_WARN_UNUSED_FUNCTION = YES;
				GCC_WARN_UNUSED_VARIABLE = YES;
				IPHONEOS_DEPLOYMENT_TARGET = 16.0;
				MTL_ENABLE_DEBUG_INFO = NO;
				MTL_FAST_MATH = YES;
				SDKROOT = iphoneos;
				SWIFT_COMPILATION_MODE = wholemodule;
				SWIFT_OPTIMIZATION_LEVEL = "-O";
				VALIDATE_PRODUCT = YES;
			};
			name = Release;
		};
		82517E9F28F60BE200E9AAA4 /* Debug */ = {
			isa = XCBuildConfiguration;
			buildSettings = {
				ASSETCATALOG_COMPILER_APPICON_NAME = AppIcon;
				ASSETCATALOG_COMPILER_GLOBAL_ACCENT_COLOR_NAME = AccentColor;
				CODE_SIGN_STYLE = Automatic;
				CURRENT_PROJECT_VERSION = 1;
				DEVELOPMENT_TEAM = X2R4Q8ATZU;
				GENERATE_INFOPLIST_FILE = YES;
				INFOPLIST_FILE = UltimoDesafio/Info.plist;
				INFOPLIST_KEY_UIApplicationSupportsIndirectInputEvents = YES;
				INFOPLIST_KEY_UILaunchStoryboardName = LaunchScreen;
				INFOPLIST_KEY_UIMainStoryboardFile = Main;
				INFOPLIST_KEY_UISupportedInterfaceOrientations_iPad = "UIInterfaceOrientationPortrait UIInterfaceOrientationPortraitUpsideDown UIInterfaceOrientationLandscapeLeft UIInterfaceOrientationLandscapeRight";
				INFOPLIST_KEY_UISupportedInterfaceOrientations_iPhone = "UIInterfaceOrientationPortrait UIInterfaceOrientationLandscapeLeft UIInterfaceOrientationLandscapeRight";
				LD_RUNPATH_SEARCH_PATHS = (
					"$(inherited)",
					"@executable_path/Frameworks",
				);
				MARKETING_VERSION = 1.0;
				PRODUCT_BUNDLE_IDENTIFIER = gmail.igormedfer.UltimoDesafio;
				PRODUCT_NAME = "$(TARGET_NAME)";
				SWIFT_EMIT_LOC_STRINGS = YES;
				SWIFT_VERSION = 5.0;
				TARGETED_DEVICE_FAMILY = "1,2";
			};
			name = Debug;
		};
		82517EA028F60BE200E9AAA4 /* Release */ = {
			isa = XCBuildConfiguration;
			buildSettings = {
				ASSETCATALOG_COMPILER_APPICON_NAME = AppIcon;
				ASSETCATALOG_COMPILER_GLOBAL_ACCENT_COLOR_NAME = AccentColor;
				CODE_SIGN_STYLE = Automatic;
				CURRENT_PROJECT_VERSION = 1;
				DEVELOPMENT_TEAM = X2R4Q8ATZU;
				GENERATE_INFOPLIST_FILE = YES;
				INFOPLIST_FILE = UltimoDesafio/Info.plist;
				INFOPLIST_KEY_UIApplicationSupportsIndirectInputEvents = YES;
				INFOPLIST_KEY_UILaunchStoryboardName = LaunchScreen;
				INFOPLIST_KEY_UIMainStoryboardFile = Main;
				INFOPLIST_KEY_UISupportedInterfaceOrientations_iPad = "UIInterfaceOrientationPortrait UIInterfaceOrientationPortraitUpsideDown UIInterfaceOrientationLandscapeLeft UIInterfaceOrientationLandscapeRight";
				INFOPLIST_KEY_UISupportedInterfaceOrientations_iPhone = "UIInterfaceOrientationPortrait UIInterfaceOrientationLandscapeLeft UIInterfaceOrientationLandscapeRight";
				LD_RUNPATH_SEARCH_PATHS = (
					"$(inherited)",
					"@executable_path/Frameworks",
				);
				MARKETING_VERSION = 1.0;
				PRODUCT_BUNDLE_IDENTIFIER = gmail.igormedfer.UltimoDesafio;
				PRODUCT_NAME = "$(TARGET_NAME)";
				SWIFT_EMIT_LOC_STRINGS = YES;
				SWIFT_VERSION = 5.0;
				TARGETED_DEVICE_FAMILY = "1,2";
			};
			name = Release;
		};
/* End XCBuildConfiguration section */

/* Begin XCConfigurationList section */
		82517E8528F60BE000E9AAA4 /* Build configuration list for PBXProject "UltimoDesafio" */ = {
			isa = XCConfigurationList;
			buildConfigurations = (
				82517E9C28F60BE200E9AAA4 /* Debug */,
				82517E9D28F60BE200E9AAA4 /* Release */,
			);
			defaultConfigurationIsVisible = 0;
			defaultConfigurationName = Release;
		};
		82517E9E28F60BE200E9AAA4 /* Build configuration list for PBXNativeTarget "UltimoDesafio" */ = {
			isa = XCConfigurationList;
			buildConfigurations = (
				82517E9F28F60BE200E9AAA4 /* Debug */,
				82517EA028F60BE200E9AAA4 /* Release */,
			);
			defaultConfigurationIsVisible = 0;
			defaultConfigurationName = Release;
		};
/* End XCConfigurationList section */
	};
	rootObject = 82517E8228F60BE000E9AAA4 /* Project object */;
}
